
Microsoft Visual Studio Solution File, Format Version 12.00
# Visual Studio Version 17
VisualStudioVersion = 17.4.33110.190
MinimumVisualStudioVersion = 10.0.40219.1
Project("{FAE04EC0-301F-11D3-BF4B-00C04F79EFBC}") = "Enumeracoes", "Enumeracoes\Enumeracoes.csproj", "{161B8220-78D5-456B-A03E-0BAB93D7B59C}"
EndProject
Project("{FAE04EC0-301F-11D3-BF4B-00C04F79EFBC}") = "ComposicaoExercicio", "ComposicaoExercicio\ComposicaoExercicio.csproj", "{3D534513-B4E1-4966-BE91-CFD87CBBBA01}"
EndProject
Project("{FAE04EC0-301F-11D3-BF4B-00C04F79EFBC}") = "StringBuilderExercicio", "StringBuilderExercicio\StringBuilderExercicio.csproj", "{7EBD92DD-96E9-4A8A-BAEA-018EC1D89593}"
EndProject
Project("{FAE04EC0-301F-11D3-BF4B-00C04F79EFBC}") = "Heranca", "Heranca\Heranca.csproj", "{8DFD8A0B-A07A-4827-B628-ADF198642F13}"
EndProject
Project("{FAE04EC0-301F-11D3-BF4B-00C04F79EFBC}") = "UpcastingDowncasting", "UpcastingDowncasting\UpcastingDowncasting.csproj", "{F63553A1-09A3-461C-A8EC-16B2B200451F}"
EndProject
Project("{FAE04EC0-301F-11D3-BF4B-00C04F79EFBC}") = "OverrideVirtual", "OverrideVirtual\OverrideVirtual.csproj", "{A9092293-2C2B-4174-8C44-171AEE1E041D}"
EndProject
Project("{FAE04EC0-301F-11D3-BF4B-00C04F79EFBC}") = "ClassesMetodosSelados", "ClassesMetodosSelados\ClassesMetodosSelados.csproj", "{5952BB7A-CFC0-424D-AFB5-28B616209EE0}"
EndProject
Project("{FAE04EC0-301F-11D3-BF4B-00C04F79EFBC}") = "HerancaPolimorfismoExercicio", "HerancaPolimorfismoExercicio\HerancaPolimorfismoExercicio.csproj", "{B304C846-D3F2-4B6F-B6A0-8FF3FCF1DACD}"
EndProject
Project("{FAE04EC0-301F-11D3-BF4B-00C04F79EFBC}") = "ClassesAbstratas", "ClassesAbstratas\ClassesAbstratas.csproj", "{0998E1E8-E301-45B9-8C78-D763A01B8EDA}"
EndProject
Project("{FAE04EC0-301F-11D3-BF4B-00C04F79EFBC}") = "TryCatch", "TryCatch\TryCatch.csproj", "{B25AB9D5-F923-4E79-BA53-8D448F125CF9}"
EndProject
Project("{FAE04EC0-301F-11D3-BF4B-00C04F79EFBC}") = "Finally", "Finally\Finally.csproj", "{39346117-A49B-4EB6-8505-D500A6F75172}"
EndProject
Project("{FAE04EC0-301F-11D3-BF4B-00C04F79EFBC}") = "ExcecoesPersonalizadas", "ExcecoesPersonalizadas\ExcecoesPersonalizadas.csproj", "{60D3D911-7EB4-477F-BFB3-5D4F3B1FBB54}"
EndProject
Project("{FAE04EC0-301F-11D3-BF4B-00C04F79EFBC}") = "FileFileInfo", "FileFileInfo\FileFileInfo.csproj", "{C90DEC92-47F3-4C8E-B7CA-612F240500E6}"
EndProject
Project("{FAE04EC0-301F-11D3-BF4B-00C04F79EFBC}") = "StreamReaderFileStream", "StreamReaderFileStream\StreamReaderFileStream.csproj", "{A605ECF7-E87A-4608-B172-14ABCB673437}"
EndProject
Project("{FAE04EC0-301F-11D3-BF4B-00C04F79EFBC}") = "BlocoUsing", "BlocoUsing\BlocoUsing.csproj", "{F5AE7DB7-97DC-4368-9834-340CDE56B6AA}"
EndProject
Project("{FAE04EC0-301F-11D3-BF4B-00C04F79EFBC}") = "StreamWriter_", "StreamWriter\StreamWriter_.csproj", "{A4D53526-AB12-4DB5-AEED-42C62E94AE63}"
EndProject
Project("{FAE04EC0-301F-11D3-BF4B-00C04F79EFBC}") = "DirectoryInfoDirectory", "DirectoryInfoDirectory\DirectoryInfoDirectory.csproj", "{67FBC14E-540A-4C6A-9398-A2939240AF16}"
EndProject
Project("{FAE04EC0-301F-11D3-BF4B-00C04F79EFBC}") = "Path_", "Path_\Path_.csproj", "{35094143-3DD1-40E4-BB22-A7CBAF9F7660}"
EndProject
Project("{FAE04EC0-301F-11D3-BF4B-00C04F79EFBC}") = "Interfaces", "Interfaces\Interfaces.csproj", "{6B08F15D-F5FF-48E7-8C7D-4E147A483790}"
EndProject
Global
	GlobalSection(SolutionConfigurationPlatforms) = preSolution
		Debug|Any CPU = Debug|Any CPU
		Release|Any CPU = Release|Any CPU
	EndGlobalSection
	GlobalSection(ProjectConfigurationPlatforms) = postSolution
		{161B8220-78D5-456B-A03E-0BAB93D7B59C}.Debug|Any CPU.ActiveCfg = Debug|Any CPU
		{161B8220-78D5-456B-A03E-0BAB93D7B59C}.Debug|Any CPU.Build.0 = Debug|Any CPU
		{161B8220-78D5-456B-A03E-0BAB93D7B59C}.Release|Any CPU.ActiveCfg = Release|Any CPU
		{161B8220-78D5-456B-A03E-0BAB93D7B59C}.Release|Any CPU.Build.0 = Release|Any CPU
		{3D534513-B4E1-4966-BE91-CFD87CBBBA01}.Debug|Any CPU.ActiveCfg = Debug|Any CPU
		{3D534513-B4E1-4966-BE91-CFD87CBBBA01}.Debug|Any CPU.Build.0 = Debug|Any CPU
		{3D534513-B4E1-4966-BE91-CFD87CBBBA01}.Release|Any CPU.ActiveCfg = Release|Any CPU
		{3D534513-B4E1-4966-BE91-CFD87CBBBA01}.Release|Any CPU.Build.0 = Release|Any CPU
		{7EBD92DD-96E9-4A8A-BAEA-018EC1D89593}.Debug|Any CPU.ActiveCfg = Debug|Any CPU
		{7EBD92DD-96E9-4A8A-BAEA-018EC1D89593}.Debug|Any CPU.Build.0 = Debug|Any CPU
		{7EBD92DD-96E9-4A8A-BAEA-018EC1D89593}.Release|Any CPU.ActiveCfg = Release|Any CPU
		{7EBD92DD-96E9-4A8A-BAEA-018EC1D89593}.Release|Any CPU.Build.0 = Release|Any CPU
		{8DFD8A0B-A07A-4827-B628-ADF198642F13}.Debug|Any CPU.ActiveCfg = Debug|Any CPU
		{8DFD8A0B-A07A-4827-B628-ADF198642F13}.Debug|Any CPU.Build.0 = Debug|Any CPU
		{8DFD8A0B-A07A-4827-B628-ADF198642F13}.Release|Any CPU.ActiveCfg = Release|Any CPU
		{8DFD8A0B-A07A-4827-B628-ADF198642F13}.Release|Any CPU.Build.0 = Release|Any CPU
		{F63553A1-09A3-461C-A8EC-16B2B200451F}.Debug|Any CPU.ActiveCfg = Debug|Any CPU
		{F63553A1-09A3-461C-A8EC-16B2B200451F}.Debug|Any CPU.Build.0 = Debug|Any CPU
		{F63553A1-09A3-461C-A8EC-16B2B200451F}.Release|Any CPU.ActiveCfg = Release|Any CPU
		{F63553A1-09A3-461C-A8EC-16B2B200451F}.Release|Any CPU.Build.0 = Release|Any CPU
		{A9092293-2C2B-4174-8C44-171AEE1E041D}.Debug|Any CPU.ActiveCfg = Debug|Any CPU
		{A9092293-2C2B-4174-8C44-171AEE1E041D}.Debug|Any CPU.Build.0 = Debug|Any CPU
		{A9092293-2C2B-4174-8C44-171AEE1E041D}.Release|Any CPU.ActiveCfg = Release|Any CPU
		{A9092293-2C2B-4174-8C44-171AEE1E041D}.Release|Any CPU.Build.0 = Release|Any CPU
		{5952BB7A-CFC0-424D-AFB5-28B616209EE0}.Debug|Any CPU.ActiveCfg = Debug|Any CPU
		{5952BB7A-CFC0-424D-AFB5-28B616209EE0}.Debug|Any CPU.Build.0 = Debug|Any CPU
		{5952BB7A-CFC0-424D-AFB5-28B616209EE0}.Release|Any CPU.ActiveCfg = Release|Any CPU
		{5952BB7A-CFC0-424D-AFB5-28B616209EE0}.Release|Any CPU.Build.0 = Release|Any CPU
		{B304C846-D3F2-4B6F-B6A0-8FF3FCF1DACD}.Debug|Any CPU.ActiveCfg = Debug|Any CPU
		{B304C846-D3F2-4B6F-B6A0-8FF3FCF1DACD}.Debug|Any CPU.Build.0 = Debug|Any CPU
		{B304C846-D3F2-4B6F-B6A0-8FF3FCF1DACD}.Release|Any CPU.ActiveCfg = Release|Any CPU
		{B304C846-D3F2-4B6F-B6A0-8FF3FCF1DACD}.Release|Any CPU.Build.0 = Release|Any CPU
		{0998E1E8-E301-45B9-8C78-D763A01B8EDA}.Debug|Any CPU.ActiveCfg = Debug|Any CPU
		{0998E1E8-E301-45B9-8C78-D763A01B8EDA}.Debug|Any CPU.Build.0 = Debug|Any CPU
		{0998E1E8-E301-45B9-8C78-D763A01B8EDA}.Release|Any CPU.ActiveCfg = Release|Any CPU
		{0998E1E8-E301-45B9-8C78-D763A01B8EDA}.Release|Any CPU.Build.0 = Release|Any CPU
		{B25AB9D5-F923-4E79-BA53-8D448F125CF9}.Debug|Any CPU.ActiveCfg = Debug|Any CPU
		{B25AB9D5-F923-4E79-BA53-8D448F125CF9}.Debug|Any CPU.Build.0 = Debug|Any CPU
		{B25AB9D5-F923-4E79-BA53-8D448F125CF9}.Release|Any CPU.ActiveCfg = Release|Any CPU
		{B25AB9D5-F923-4E79-BA53-8D448F125CF9}.Release|Any CPU.Build.0 = Release|Any CPU
		{39346117-A49B-4EB6-8505-D500A6F75172}.Debug|Any CPU.ActiveCfg = Debug|Any CPU
		{39346117-A49B-4EB6-8505-D500A6F75172}.Debug|Any CPU.Build.0 = Debug|Any CPU
		{39346117-A49B-4EB6-8505-D500A6F75172}.Release|Any CPU.ActiveCfg = Release|Any CPU
		{39346117-A49B-4EB6-8505-D500A6F75172}.Release|Any CPU.Build.0 = Release|Any CPU
		{60D3D911-7EB4-477F-BFB3-5D4F3B1FBB54}.Debug|Any CPU.ActiveCfg = Debug|Any CPU
		{60D3D911-7EB4-477F-BFB3-5D4F3B1FBB54}.Debug|Any CPU.Build.0 = Debug|Any CPU
		{60D3D911-7EB4-477F-BFB3-5D4F3B1FBB54}.Release|Any CPU.ActiveCfg = Release|Any CPU
		{60D3D911-7EB4-477F-BFB3-5D4F3B1FBB54}.Release|Any CPU.Build.0 = Release|Any CPU
		{C90DEC92-47F3-4C8E-B7CA-612F240500E6}.Debug|Any CPU.ActiveCfg = Debug|Any CPU
		{C90DEC92-47F3-4C8E-B7CA-612F240500E6}.Debug|Any CPU.Build.0 = Debug|Any CPU
		{C90DEC92-47F3-4C8E-B7CA-612F240500E6}.Release|Any CPU.ActiveCfg = Release|Any CPU
		{C90DEC92-47F3-4C8E-B7CA-612F240500E6}.Release|Any CPU.Build.0 = Release|Any CPU
		{A605ECF7-E87A-4608-B172-14ABCB673437}.Debug|Any CPU.ActiveCfg = Debug|Any CPU
		{A605ECF7-E87A-4608-B172-14ABCB673437}.Debug|Any CPU.Build.0 = Debug|Any CPU
		{A605ECF7-E87A-4608-B172-14ABCB673437}.Release|Any CPU.ActiveCfg = Release|Any CPU
		{A605ECF7-E87A-4608-B172-14ABCB673437}.Release|Any CPU.Build.0 = Release|Any CPU
		{F5AE7DB7-97DC-4368-9834-340CDE56B6AA}.Debug|Any CPU.ActiveCfg = Debug|Any CPU
		{F5AE7DB7-97DC-4368-9834-340CDE56B6AA}.Debug|Any CPU.Build.0 = Debug|Any CPU
		{F5AE7DB7-97DC-4368-9834-340CDE56B6AA}.Release|Any CPU.ActiveCfg = Release|Any CPU
		{F5AE7DB7-97DC-4368-9834-340CDE56B6AA}.Release|Any CPU.Build.0 = Release|Any CPU
		{A4D53526-AB12-4DB5-AEED-42C62E94AE63}.Debug|Any CPU.ActiveCfg = Debug|Any CPU
		{A4D53526-AB12-4DB5-AEED-42C62E94AE63}.Debug|Any CPU.Build.0 = Debug|Any CPU
		{A4D53526-AB12-4DB5-AEED-42C62E94AE63}.Release|Any CPU.ActiveCfg = Release|Any CPU
		{A4D53526-AB12-4DB5-AEED-42C62E94AE63}.Release|Any CPU.Build.0 = Release|Any CPU
		{67FBC14E-540A-4C6A-9398-A2939240AF16}.Debug|Any CPU.ActiveCfg = Debug|Any CPU
		{67FBC14E-540A-4C6A-9398-A2939240AF16}.Debug|Any CPU.Build.0 = Debug|Any CPU
		{67FBC14E-540A-4C6A-9398-A2939240AF16}.Release|Any CPU.ActiveCfg = Release|Any CPU
		{67FBC14E-540A-4C6A-9398-A2939240AF16}.Release|Any CPU.Build.0 = Release|Any CPU
		{35094143-3DD1-40E4-BB22-A7CBAF9F7660}.Debug|Any CPU.ActiveCfg = Debug|Any CPU
		{35094143-3DD1-40E4-BB22-A7CBAF9F7660}.Debug|Any CPU.Build.0 = Debug|Any CPU
		{35094143-3DD1-40E4-BB22-A7CBAF9F7660}.Release|Any CPU.ActiveCfg = Release|Any CPU
		{35094143-3DD1-40E4-BB22-A7CBAF9F7660}.Release|Any CPU.Build.0 = Release|Any CPU
		{6B08F15D-F5FF-48E7-8C7D-4E147A483790}.Debug|Any CPU.ActiveCfg = Debug|Any CPU
		{6B08F15D-F5FF-48E7-8C7D-4E147A483790}.Debug|Any CPU.Build.0 = Debug|Any CPU
		{6B08F15D-F5FF-48E7-8C7D-4E147A483790}.Release|Any CPU.ActiveCfg = Release|Any CPU
		{6B08F15D-F5FF-48E7-8C7D-4E147A483790}.Release|Any CPU.Build.0 = Release|Any CPU
	EndGlobalSection
	GlobalSection(SolutionProperties) = preSolution
		HideSolutionNode = FALSE
	EndGlobalSection
	GlobalSection(ExtensibilityGlobals) = postSolution
		SolutionGuid = {3BDC112C-1136-41BF-984D-9836052A0C7C}
	EndGlobalSection
EndGlobal
